
Microsoft Visual Studio Solution File, Format Version 12.00
# Visual Studio Version 17
VisualStudioVersion = 17.14.36109.1 d17.14
MinimumVisualStudioVersion = 10.0.40219.1
Project("{FAE04EC0-301F-11D3-BF4B-00C04F79EFBC}") = "Trabajofinal", "Trabajofinal\Trabajofinal.csproj", "{A06CB49C-9203-4346-A3D0-063AC7F7682E}"
EndProject
Global
	GlobalSection(SolutionConfigurationPlatforms) = preSolution
		Debug|Any CPU = Debug|Any CPU
		Release|Any CPU = Release|Any CPU
	EndGlobalSection
	GlobalSection(ProjectConfigurationPlatforms) = postSolution
		{A06CB49C-9203-4346-A3D0-063AC7F7682E}.Debug|Any CPU.ActiveCfg = Debug|Any CPU
		{A06CB49C-9203-4346-A3D0-063AC7F7682E}.Debug|Any CPU.Build.0 = Debug|Any CPU
		{A06CB49C-9203-4346-A3D0-063AC7F7682E}.Release|Any CPU.ActiveCfg = Release|Any CPU
		{A06CB49C-9203-4346-A3D0-063AC7F7682E}.Release|Any CPU.Build.0 = Release|Any CPU
	EndGlobalSection
	GlobalSection(SolutionProperties) = preSolution
		HideSolutionNode = FALSE
	EndGlobalSection
	GlobalSection(ExtensibilityGlobals) = postSolution
		SolutionGuid = {32378369-FD4B-4F3F-870C-5EE3F8427D6E}
	EndGlobalSection
EndGlobal
